// !$*UTF8*$!
{
	archiveVersion = 1;
	classes = {
	};
	objectVersion = 56;
	objects = {

/* Begin PBXBuildFile section */
		BA74C17F2BF4D58500C459E1 /* AppDelegate.swift in Sources */ = {isa = PBXBuildFile; fileRef = BA74C17E2BF4D58500C459E1 /* AppDelegate.swift */; };
		BA74C1812BF4D58500C459E1 /* SceneDelegate.swift in Sources */ = {isa = PBXBuildFile; fileRef = BA74C1802BF4D58500C459E1 /* SceneDelegate.swift */; };
		BA74C1832BF4D58500C459E1 /* ViewController.swift in Sources */ = {isa = PBXBuildFile; fileRef = BA74C1822BF4D58500C459E1 /* ViewController.swift */; };
		BA74C1862BF4D58500C459E1 /* Main.storyboard in Resources */ = {isa = PBXBuildFile; fileRef = BA74C1842BF4D58500C459E1 /* Main.storyboard */; };
		BA74C1882BF4D58600C459E1 /* Assets.xcassets in Resources */ = {isa = PBXBuildFile; fileRef = BA74C1872BF4D58600C459E1 /* Assets.xcassets */; };
		BA74C18B2BF4D58600C459E1 /* LaunchScreen.storyboard in Resources */ = {isa = PBXBuildFile; fileRef = BA74C1892BF4D58600C459E1 /* LaunchScreen.storyboard */; };
		BA8598392C05B7EA005FC4D3 /* DBHelper.swift in Sources */ = {isa = PBXBuildFile; fileRef = BA8598382C05B7EA005FC4D3 /* DBHelper.swift */; };
/* End PBXBuildFile section */

/* Begin PBXFileReference section */
		BA74C17B2BF4D58500C459E1 /* Tic Tak Toe Game.app */ = {isa = PBXFileReference; explicitFileType = wrapper.application; includeInIndex = 0; path = "Tic Tak Toe Game.app"; sourceTree = BUILT_PRODUCTS_DIR; };
		BA74C17E2BF4D58500C459E1 /* AppDelegate.swift */ = {isa = PBXFileReference; lastKnownFileType = sourcecode.swift; path = AppDelegate.swift; sourceTree = "<group>"; };
		BA74C1802BF4D58500C459E1 /* SceneDelegate.swift */ = {isa = PBXFileReference; lastKnownFileType = sourcecode.swift; path = SceneDelegate.swift; sourceTree = "<group>"; };
		BA74C1822BF4D58500C459E1 /* ViewController.swift */ = {isa = PBXFileReference; lastKnownFileType = sourcecode.swift; path = ViewController.swift; sourceTree = "<group>"; };
		BA74C1852BF4D58500C459E1 /* Base */ = {isa = PBXFileReference; lastKnownFileType = file.storyboard; name = Base; path = Base.lproj/Main.storyboard; sourceTree = "<group>"; };
		BA74C1872BF4D58600C459E1 /* Assets.xcassets */ = {isa = PBXFileReference; lastKnownFileType = folder.assetcatalog; path = Assets.xcassets; sourceTree = "<group>"; };
		BA74C18A2BF4D58600C459E1 /* Base */ = {isa = PBXFileReference; lastKnownFileType = file.storyboard; name = Base; path = Base.lproj/LaunchScreen.storyboard; sourceTree = "<group>"; };
		BA74C18C2BF4D58600C459E1 /* Info.plist */ = {isa = PBXFileReference; lastKnownFileType = text.plist.xml; path = Info.plist; sourceTree = "<group>"; };
		BA8598382C05B7EA005FC4D3 /* DBHelper.swift */ = {isa = PBXFileReference; lastKnownFileType = sourcecode.swift; path = DBHelper.swift; sourceTree = "<group>"; };
/* End PBXFileReference section */

/* Begin PBXFrameworksBuildPhase section */
		BA74C1782BF4D58500C459E1 /* Frameworks */ = {
			isa = PBXFrameworksBuildPhase;
			buildActionMask = 2147483647;
			files = (
			);
			runOnlyForDeploymentPostprocessing = 0;
		};
/* End PBXFrameworksBuildPhase section */

/* Begin PBXGroup section */
		BA74C1722BF4D58500C459E1 = {
			isa = PBXGroup;
			children = (
				BA74C17D2BF4D58500C459E1 /* Tic Tak Toe Game */,
				BA74C17C2BF4D58500C459E1 /* Products */,
			);
			sourceTree = "<group>";
		};
		BA74C17C2BF4D58500C459E1 /* Products */ = {
			isa = PBXGroup;
			children = (
				BA74C17B2BF4D58500C459E1 /* Tic Tak Toe Game.app */,
			);
			name = Products;
			sourceTree = "<group>";
		};
		BA74C17D2BF4D58500C459E1 /* Tic Tak Toe Game */ = {
			isa = PBXGroup;
			children = (
				BA74C17E2BF4D58500C459E1 /* AppDelegate.swift */,
				BA74C1802BF4D58500C459E1 /* SceneDelegate.swift */,
				BA74C1822BF4D58500C459E1 /* ViewController.swift */,
				BA74C1842BF4D58500C459E1 /* Main.storyboard */,
				BA8598382C05B7EA005FC4D3 /* DBHelper.swift */,
				BA74C1872BF4D58600C459E1 /* Assets.xcassets */,
				BA74C1892BF4D58600C459E1 /* LaunchScreen.storyboard */,
				BA74C18C2BF4D58600C459E1 /* Info.plist */,
			);
			path = "Tic Tak Toe Game";
			sourceTree = "<group>";
		};
/* End PBXGroup section */

/* Begin PBXNativeTarget section */
		BA74C17A2BF4D58500C459E1 /* Tic Tak Toe Game */ = {
			isa = PBXNativeTarget;
			buildConfigurationList = BA74C18F2BF4D58600C459E1 /* Build configuration list for PBXNativeTarget "Tic Tak Toe Game" */;
			buildPhases = (
				BA74C1772BF4D58500C459E1 /* Sources */,
				BA74C1782BF4D58500C459E1 /* Frameworks */,
				BA74C1792BF4D58500C459E1 /* Resources */,
			);
			buildRules = (
			);
			dependencies = (
			);
			name = "Tic Tak Toe Game";
			productName = "Tic Tak Toe Game";
			productReference = BA74C17B2BF4D58500C459E1 /* Tic Tak Toe Game.app */;
			productType = "com.apple.product-type.application";
		};
/* End PBXNativeTarget section */

/* Begin PBXProject section */
		BA74C1732BF4D58500C459E1 /* Project object */ = {
			isa = PBXProject;
			attributes = {
				BuildIndependentTargetsInParallel = 1;
				LastSwiftUpdateCheck = 1520;
				LastUpgradeCheck = 1520;
				TargetAttributes = {
					BA74C17A2BF4D58500C459E1 = {
						CreatedOnToolsVersion = 15.2;
					};
				};
			};
			buildConfigurationList = BA74C1762BF4D58500C459E1 /* Build configuration list for PBXProject "Tic Tak Toe Game" */;
			compatibilityVersion = "Xcode 14.0";
			developmentRegion = en;
			hasScannedForEncodings = 0;
			knownRegions = (
				en,
				Base,
			);
			mainGroup = BA74C1722BF4D58500C459E1;
			productRefGroup = BA74C17C2BF4D58500C459E1 /* Products */;
			projectDirPath = "";
			projectRoot = "";
			targets = (
				BA74C17A2BF4D58500C459E1 /* Tic Tak Toe Game */,
			);
		};
/* End PBXProject section */

/* Begin PBXResourcesBuildPhase section */
		BA74C1792BF4D58500C459E1 /* Resources */ = {
			isa = PBXResourcesBuildPhase;
			buildActionMask = 2147483647;
			files = (
				BA74C18B2BF4D58600C459E1 /* LaunchScreen.storyboard in Resources */,
				BA74C1882BF4D58600C459E1 /* Assets.xcassets in Resources */,
				BA74C1862BF4D58500C459E1 /* Main.storyboard in Resources */,
			);
			runOnlyForDeploymentPostprocessing = 0;
		};
/* End PBXResourcesBuildPhase section */

/* Begin PBXSourcesBuildPhase section */
		BA74C1772BF4D58500C459E1 /* Sources */ = {
			isa = PBXSourcesBuildPhase;
			buildActionMask = 2147483647;
			files = (
				BA74C1832BF4D58500C459E1 /* ViewController.swift in Sources */,
				BA74C17F2BF4D58500C459E1 /* AppDelegate.swift in Sources */,
				BA74C1812BF4D58500C459E1 /* SceneDelegate.swift in Sources */,
				BA8598392C05B7EA005FC4D3 /* DBHelper.swift in Sources */,
			);
			runOnlyForDeploymentPostprocessing = 0;
		};
/* End PBXSourcesBuildPhase section */

/* Begin PBXVariantGroup section */
		BA74C1842BF4D58500C459E1 /* Main.storyboard */ = {
			isa = PBXVariantGroup;
			children = (
				BA74C1852BF4D58500C459E1 /* Base */,
			);
			name = Main.storyboard;
			sourceTree = "<group>";
		};
		BA74C1892BF4D58600C459E1 /* LaunchScreen.storyboard */ = {
			isa = PBXVariantGroup;
			children = (
				BA74C18A2BF4D58600C459E1 /* Base */,
			);
			name = LaunchScreen.storyboard;
			sourceTree = "<group>";
		};
/* End PBXVariantGroup section */

/* Begin XCBuildConfiguration section */
		BA74C18D2BF4D58600C459E1 /* Debug */ = {
			isa = XCBuildConfiguration;
			buildSettings = {
				ALWAYS_SEARCH_USER_PATHS = NO;
				ASSETCATALOG_COMPILER_GENERATE_SWIFT_ASSET_SYMBOL_EXTENSIONS = YES;
				CLANG_ANALYZER_NONNULL = YES;
				CLANG_ANALYZER_NUMBER_OBJECT_CONVERSION = YES_AGGRESSIVE;
				CLANG_CXX_LANGUAGE_STANDARD = "gnu++20";
				CLANG_ENABLE_MODULES = YES;
				CLANG_ENABLE_OBJC_ARC = YES;
				CLANG_ENABLE_OBJC_WEAK = YES;
				CLANG_WARN_BLOCK_CAPTURE_AUTORELEASING = YES;
				CLANG_WARN_BOOL_CONVERSION = YES;
				CLANG_WARN_COMMA = YES;
				CLANG_WARN_CONSTANT_CONVERSION = YES;
				CLANG_WARN_DEPRECATED_OBJC_IMPLEMENTATIONS = YES;
				CLANG_WARN_DIRECT_OBJC_ISA_USAGE = YES_ERROR;
				CLANG_WARN_DOCUMENTATION_COMMENTS = YES;
				CLANG_WARN_EMPTY_BODY = YES;
				CLANG_WARN_ENUM_CONVERSION = YES;
				CLANG_WARN_INFINITE_RECURSION = YES;
				CLANG_WARN_INT_CONVERSION = YES;
				CLANG_WARN_NON_LITERAL_NULL_CONVERSION = YES;
				CLANG_WARN_OBJC_IMPLICIT_RETAIN_SELF = YES;
				CLANG_WARN_OBJC_LITERAL_CONVERSION = YES;
				CLANG_WARN_OBJC_ROOT_CLASS = YES_ERROR;
				CLANG_WARN_QUOTED_INCLUDE_IN_FRAMEWORK_HEADER = YES;
				CLANG_WARN_RANGE_LOOP_ANALYSIS = YES;
				CLANG_WARN_STRICT_PROTOTYPES = YES;
				CLANG_WARN_SUSPICIOUS_MOVE = YES;
				CLANG_WARN_UNGUARDED_AVAILABILITY = YES_AGGRESSIVE;
				CLANG_WARN_UNREACHABLE_CODE = YES;
				CLANG_WARN__DUPLICATE_METHOD_MATCH = YES;
				COPY_PHASE_STRIP = NO;
				DEBUG_INFORMATION_FORMAT = dwarf;
				ENABLE_STRICT_OBJC_MSGSEND = YES;
				ENABLE_TESTABILITY = YES;
				ENABLE_USER_SCRIPT_SANDBOXING = YES;
				GCC_C_LANGUAGE_STANDARD = gnu17;
				GCC_DYNAMIC_NO_PIC = NO;
				GCC_NO_COMMON_BLOCKS = YES;
				GCC_OPTIMIZATION_LEVEL = 0;
				GCC_PREPROCESSOR_DEFINITIONS = (
					"DEBUG=1",
					"$(inherited)",
				);
				GCC_WARN_64_TO_32_BIT_CONVERSION = YES;
				GCC_WARN_ABOUT_RETURN_TYPE = YES_ERROR;
				GCC_WARN_UNDECLARED_SELECTOR = YES;
				GCC_WARN_UNINITIALIZED_AUTOS = YES_AGGRESSIVE;
				GCC_WARN_UNUSED_FUNCTION = YES;
				GCC_WARN_UNUSED_VARIABLE = YES;
				IPHONEOS_DEPLOYMENT_TARGET = 17.2;
				LOCALIZATION_PREFERS_STRING_CATALOGS = YES;
				MTL_ENABLE_DEBUG_INFO = INCLUDE_SOURCE;
				MTL_FAST_MATH = YES;
				ONLY_ACTIVE_ARCH = YES;
				SDKROOT = iphoneos;
				SWIFT_ACTIVE_COMPILATION_CONDITIONS = "DEBUG $(inherited)";
				SWIFT_OPTIMIZATION_LEVEL = "-Onone";
			};
			name = Debug;
		};
		BA74C18E2BF4D58600C459E1 /* Release */ = {
			isa = XCBuildConfiguration;
			buildSettings = {
				ALWAYS_SEARCH_USER_PATHS = NO;
				ASSETCATALOG_COMPILER_GENERATE_SWIFT_ASSET_SYMBOL_EXTENSIONS = YES;
				CLANG_ANALYZER_NONNULL = YES;
				CLANG_ANALYZER_NUMBER_OBJECT_CONVERSION = YES_AGGRESSIVE;
				CLANG_CXX_LANGUAGE_STANDARD = "gnu++20";
				CLANG_ENABLE_MODULES = YES;
				CLANG_ENABLE_OBJC_ARC = YES;
				CLANG_ENABLE_OBJC_WEAK = YES;
				CLANG_WARN_BLOCK_CAPTURE_AUTORELEASING = YES;
				CLANG_WARN_BOOL_CONVERSION = YES;
				CLANG_WARN_COMMA = YES;
				CLANG_WARN_CONSTANT_CONVERSION = YES;
				CLANG_WARN_DEPRECATED_OBJC_IMPLEMENTATIONS = YES;
				CLANG_WARN_DIRECT_OBJC_ISA_USAGE = YES_ERROR;
				CLANG_WARN_DOCUMENTATION_COMMENTS = YES;
				CLANG_WARN_EMPTY_BODY = YES;
				CLANG_WARN_ENUM_CONVERSION = YES;
				CLANG_WARN_INFINITE_RECURSION = YES;
				CLANG_WARN_INT_CONVERSION = YES;
				CLANG_WARN_NON_LITERAL_NULL_CONVERSION = YES;
				CLANG_WARN_OBJC_IMPLICIT_RETAIN_SELF = YES;
				CLANG_WARN_OBJC_LITERAL_CONVERSION = YES;
				CLANG_WARN_OBJC_ROOT_CLASS = YES_ERROR;
				CLANG_WARN_QUOTED_INCLUDE_IN_FRAMEWORK_HEADER = YES;
				CLANG_WARN_RANGE_LOOP_ANALYSIS = YES;
				CLANG_WARN_STRICT_PROTOTYPES = YES;
				CLANG_WARN_SUSPICIOUS_MOVE = YES;
				CLANG_WARN_UNGUARDED_AVAILABILITY = YES_AGGRESSIVE;
				CLANG_WARN_UNREACHABLE_CODE = YES;
				CLANG_WARN__DUPLICATE_METHOD_MATCH = YES;
				COPY_PHASE_STRIP = NO;
				DEBUG_INFORMATION_FORMAT = "dwarf-with-dsym";
				ENABLE_NS_ASSERTIONS = NO;
				ENABLE_STRICT_OBJC_MSGSEND = YES;
				ENABLE_USER_SCRIPT_SANDBOXING = YES;
				GCC_C_LANGUAGE_STANDARD = gnu17;
				GCC_NO_COMMON_BLOCKS = YES;
				GCC_WARN_64_TO_32_BIT_CONVERSION = YES;
				GCC_WARN_ABOUT_RETURN_TYPE = YES_ERROR;
				GCC_WARN_UNDECLARED_SELECTOR = YES;
				GCC_WARN_UNINITIALIZED_AUTOS = YES_AGGRESSIVE;
				GCC_WARN_UNUSED_FUNCTION = YES;
				GCC_WARN_UNUSED_VARIABLE = YES;
				IPHONEOS_DEPLOYMENT_TARGET = 17.2;
				LOCALIZATION_PREFERS_STRING_CATALOGS = YES;
				MTL_ENABLE_DEBUG_INFO = NO;
				MTL_FAST_MATH = YES;
				SDKROOT = iphoneos;
				SWIFT_COMPILATION_MODE = wholemodule;
				VALIDATE_PRODUCT = YES;
			};
			name = Release;
		};
		BA74C1902BF4D58600C459E1 /* Debug */ = {
			isa = XCBuildConfiguration;
			buildSettings = {
				ASSETCATALOG_COMPILER_APPICON_NAME = AppIcon;
				ASSETCATALOG_COMPILER_GLOBAL_ACCENT_COLOR_NAME = AccentColor;
				CODE_SIGN_STYLE = Automatic;
				CURRENT_PROJECT_VERSION = 1;
				DEVELOPMENT_TEAM = WZ5L2T76C6;
				GENERATE_INFOPLIST_FILE = YES;
				INFOPLIST_FILE = "Tic Tak Toe Game/Info.plist";
				INFOPLIST_KEY_UIApplicationSupportsIndirectInputEvents = YES;
				INFOPLIST_KEY_UILaunchStoryboardName = LaunchScreen;
				INFOPLIST_KEY_UIMainStoryboardFile = Main;
				INFOPLIST_KEY_UISupportedInterfaceOrientations_iPad = "UIInterfaceOrientationPortrait UIInterfaceOrientationPortraitUpsideDown UIInterfaceOrientationLandscapeLeft UIInterfaceOrientationLandscapeRight";
				INFOPLIST_KEY_UISupportedInterfaceOrientations_iPhone = "UIInterfaceOrientationPortrait UIInterfaceOrientationLandscapeLeft UIInterfaceOrientationLandscapeRight";
				LD_RUNPATH_SEARCH_PATHS = (
					"$(inherited)",
					"@executable_path/Frameworks",
				);
				MARKETING_VERSION = 1.0;
				PRODUCT_BUNDLE_IDENTIFIER = "game.Tic-Tak-Toe-Game";
				PRODUCT_NAME = "$(TARGET_NAME)";
				SWIFT_EMIT_LOC_STRINGS = YES;
				SWIFT_VERSION = 5.0;
				TARGETED_DEVICE_FAMILY = "1,2";
			};
			name = Debug;
		};
		BA74C1912BF4D58600C459E1 /* Release */ = {
			isa = XCBuildConfiguration;
			buildSettings = {
				ASSETCATALOG_COMPILER_APPICON_NAME = AppIcon;
				ASSETCATALOG_COMPILER_GLOBAL_ACCENT_COLOR_NAME = AccentColor;
				CODE_SIGN_STYLE = Automatic;
				CURRENT_PROJECT_VERSION = 1;
				DEVELOPMENT_TEAM = WZ5L2T76C6;
				GENERATE_INFOPLIST_FILE = YES;
				INFOPLIST_FILE = "Tic Tak Toe Game/Info.plist";
				INFOPLIST_KEY_UIApplicationSupportsIndirectInputEvents = YES;
				INFOPLIST_KEY_UILaunchStoryboardName = LaunchScreen;
				INFOPLIST_KEY_UIMainStoryboardFile = Main;
				INFOPLIST_KEY_UISupportedInterfaceOrientations_iPad = "UIInterfaceOrientationPortrait UIInterfaceOrientationPortraitUpsideDown UIInterfaceOrientationLandscapeLeft UIInterfaceOrientationLandscapeRight";
				INFOPLIST_KEY_UISupportedInterfaceOrientations_iPhone = "UIInterfaceOrientationPortrait UIInterfaceOrientationLandscapeLeft UIInterfaceOrientationLandscapeRight";
				LD_RUNPATH_SEARCH_PATHS = (
					"$(inherited)",
					"@executable_path/Frameworks",
				);
				MARKETING_VERSION = 1.0;
				PRODUCT_BUNDLE_IDENTIFIER = "game.Tic-Tak-Toe-Game";
				PRODUCT_NAME = "$(TARGET_NAME)";
				SWIFT_EMIT_LOC_STRINGS = YES;
				SWIFT_VERSION = 5.0;
				TARGETED_DEVICE_FAMILY = "1,2";
			};
			name = Release;
		};
/* End XCBuildConfiguration section */

/* Begin XCConfigurationList section */
		BA74C1762BF4D58500C459E1 /* Build configuration list for PBXProject "Tic Tak Toe Game" */ = {
			isa = XCConfigurationList;
			buildConfigurations = (
				BA74C18D2BF4D58600C459E1 /* Debug */,
				BA74C18E2BF4D58600C459E1 /* Release */,
			);
			defaultConfigurationIsVisible = 0;
			defaultConfigurationName = Release;
		};
		BA74C18F2BF4D58600C459E1 /* Build configuration list for PBXNativeTarget "Tic Tak Toe Game" */ = {
			isa = XCConfigurationList;
			buildConfigurations = (
				BA74C1902BF4D58600C459E1 /* Debug */,
				BA74C1912BF4D58600C459E1 /* Release */,
			);
			defaultConfigurationIsVisible = 0;
			defaultConfigurationName = Release;
		};
/* End XCConfigurationList section */
	};
	rootObject = BA74C1732BF4D58500C459E1 /* Project object */;
}
